
Microsoft Visual Studio Solution File, Format Version 12.00
# Visual Studio Version 17
VisualStudioVersion = 17.14.36930.0 d17.14
MinimumVisualStudioVersion = 10.0.40219.1
Project("{FAE04EC0-301F-11D3-BF4B-00C04F79EFBC}") = "Semester4_CyberphysicalProject_API", "Semester4_CyberphysicalProject_API\Semester4_CyberphysicalProject_API.csproj", "{2E83D832-1862-43D4-B524-3C59CC29AC6D}"
EndProject
Global
	GlobalSection(SolutionConfigurationPlatforms) = preSolution
		Debug|Any CPU = Debug|Any CPU
		Release|Any CPU = Release|Any CPU
	EndGlobalSection
	GlobalSection(ProjectConfigurationPlatforms) = postSolution
		{2E83D832-1862-43D4-B524-3C59CC29AC6D}.Debug|Any CPU.ActiveCfg = Debug|Any CPU
		{2E83D832-1862-43D4-B524-3C59CC29AC6D}.Debug|Any CPU.Build.0 = Debug|Any CPU
		{2E83D832-1862-43D4-B524-3C59CC29AC6D}.Release|Any CPU.ActiveCfg = Release|Any CPU
		{2E83D832-1862-43D4-B524-3C59CC29AC6D}.Release|Any CPU.Build.0 = Release|Any CPU
	EndGlobalSection
	GlobalSection(SolutionProperties) = preSolution
		HideSolutionNode = FALSE
	EndGlobalSection
	GlobalSection(ExtensibilityGlobals) = postSolution
		SolutionGuid = {25AE00BB-A7E9-4B28-8F25-73DADB3D2830}
	EndGlobalSection
EndGlobal
